
Microsoft Visual Studio Solution File, Format Version 12.00
# Visual Studio Version 16
VisualStudioVersion = 16.0.29911.84
MinimumVisualStudioVersion = 10.0.40219.1
Project("{FAE04EC0-301F-11D3-BF4B-00C04F79EFBC}") = "project2", "project2\project2.csproj", "{33CC3000-4F97-449F-AFB3-B9FDBD9713A6}"
EndProject
Project("{FAE04EC0-301F-11D3-BF4B-00C04F79EFBC}") = "RevatureDogs.Data", "RevatureDogs.Data\RevatureDogs.Data.csproj", "{3C062D20-083A-4B9F-84C6-F30B54C9B568}"
EndProject
Project("{FAE04EC0-301F-11D3-BF4B-00C04F79EFBC}") = "RevatureDogs.logic", "RevatureDogs.logic\RevatureDogs.logic.csproj", "{3A94F384-19B7-41A9-9987-25F05D9B5781}"
EndProject
Project("{FAE04EC0-301F-11D3-BF4B-00C04F79EFBC}") = "XUnitTestRevatureDogs", "XUnitTestRevatureDogs\XUnitTestRevatureDogs.csproj", "{0F654CD2-5BF4-4FDF-A25D-41FA7E1EF1B7}"
EndProject
Global
	GlobalSection(SolutionConfigurationPlatforms) = preSolution
		Debug|Any CPU = Debug|Any CPU
		Release|Any CPU = Release|Any CPU
	EndGlobalSection
	GlobalSection(ProjectConfigurationPlatforms) = postSolution
		{33CC3000-4F97-449F-AFB3-B9FDBD9713A6}.Debug|Any CPU.ActiveCfg = Debug|Any CPU
		{33CC3000-4F97-449F-AFB3-B9FDBD9713A6}.Debug|Any CPU.Build.0 = Debug|Any CPU
		{33CC3000-4F97-449F-AFB3-B9FDBD9713A6}.Release|Any CPU.ActiveCfg = Release|Any CPU
		{33CC3000-4F97-449F-AFB3-B9FDBD9713A6}.Release|Any CPU.Build.0 = Release|Any CPU
		{3C062D20-083A-4B9F-84C6-F30B54C9B568}.Debug|Any CPU.ActiveCfg = Debug|Any CPU
		{3C062D20-083A-4B9F-84C6-F30B54C9B568}.Debug|Any CPU.Build.0 = Debug|Any CPU
		{3C062D20-083A-4B9F-84C6-F30B54C9B568}.Release|Any CPU.ActiveCfg = Release|Any CPU
		{3C062D20-083A-4B9F-84C6-F30B54C9B568}.Release|Any CPU.Build.0 = Release|Any CPU
		{3A94F384-19B7-41A9-9987-25F05D9B5781}.Debug|Any CPU.ActiveCfg = Debug|Any CPU
		{3A94F384-19B7-41A9-9987-25F05D9B5781}.Debug|Any CPU.Build.0 = Debug|Any CPU
		{3A94F384-19B7-41A9-9987-25F05D9B5781}.Release|Any CPU.ActiveCfg = Release|Any CPU
		{3A94F384-19B7-41A9-9987-25F05D9B5781}.Release|Any CPU.Build.0 = Release|Any CPU
		{0F654CD2-5BF4-4FDF-A25D-41FA7E1EF1B7}.Debug|Any CPU.ActiveCfg = Debug|Any CPU
		{0F654CD2-5BF4-4FDF-A25D-41FA7E1EF1B7}.Debug|Any CPU.Build.0 = Debug|Any CPU
		{0F654CD2-5BF4-4FDF-A25D-41FA7E1EF1B7}.Release|Any CPU.ActiveCfg = Release|Any CPU
		{0F654CD2-5BF4-4FDF-A25D-41FA7E1EF1B7}.Release|Any CPU.Build.0 = Release|Any CPU
	EndGlobalSection
	GlobalSection(SolutionProperties) = preSolution
		HideSolutionNode = FALSE
	EndGlobalSection
	GlobalSection(ExtensibilityGlobals) = postSolution
		SolutionGuid = {512F6DDD-F161-467C-85C2-B2740D3D81A0}
	EndGlobalSection
EndGlobal
